
Microsoft Visual Studio Solution File, Format Version 12.00
# Visual Studio Version 17
VisualStudioVersion = 17.5.33627.172
MinimumVisualStudioVersion = 10.0.40219.1
Project("{FAE04EC0-301F-11D3-BF4B-00C04F79EFBC}") = "LAB#1OOP", "LAB#1OOP\LAB#1OOP.csproj", "{9DF664D0-643C-4B74-961C-72A937F65D71}"
EndProject
Global
	GlobalSection(SolutionConfigurationPlatforms) = preSolution
		Debug|Any CPU = Debug|Any CPU
		Release|Any CPU = Release|Any CPU
	EndGlobalSection
	GlobalSection(ProjectConfigurationPlatforms) = postSolution
		{9DF664D0-643C-4B74-961C-72A937F65D71}.Debug|Any CPU.ActiveCfg = Debug|Any CPU
		{9DF664D0-643C-4B74-961C-72A937F65D71}.Debug|Any CPU.Build.0 = Debug|Any CPU
		{9DF664D0-643C-4B74-961C-72A937F65D71}.Release|Any CPU.ActiveCfg = Release|Any CPU
		{9DF664D0-643C-4B74-961C-72A937F65D71}.Release|Any CPU.Build.0 = Release|Any CPU
	EndGlobalSection
	GlobalSection(SolutionProperties) = preSolution
		HideSolutionNode = FALSE
	EndGlobalSection
	GlobalSection(ExtensibilityGlobals) = postSolution
		SolutionGuid = {BAF43843-DB23-4234-BA70-F1D995F93CC4}
	EndGlobalSection
EndGlobal
